// !$*UTF8*$!
{
	archiveVersion = 1;
	classes = {
	};
	objectVersion = 55;
	objects = {

/* Begin PBXBuildFile section */
		D45D57F327FD90E700AAAB8D /* Localizable.strings in Resources */ = {isa = PBXBuildFile; fileRef = D45D57F527FD90E700AAAB8D /* Localizable.strings */; };
		D4C422BC27F5C0D400688E4E /* AppDelegate.swift in Sources */ = {isa = PBXBuildFile; fileRef = D4C422BB27F5C0D400688E4E /* AppDelegate.swift */; };
		D4C422BE27F5C0D400688E4E /* SceneDelegate.swift in Sources */ = {isa = PBXBuildFile; fileRef = D4C422BD27F5C0D400688E4E /* SceneDelegate.swift */; };
		D4C422C027F5C0D400688E4E /* ViewController.swift in Sources */ = {isa = PBXBuildFile; fileRef = D4C422BF27F5C0D400688E4E /* ViewController.swift */; };
		D4C422C327F5C0D400688E4E /* Main.storyboard in Resources */ = {isa = PBXBuildFile; fileRef = D4C422C127F5C0D400688E4E /* Main.storyboard */; };
		D4C422C527F5C0D600688E4E /* Assets.xcassets in Resources */ = {isa = PBXBuildFile; fileRef = D4C422C427F5C0D600688E4E /* Assets.xcassets */; };
		D4C422C827F5C0D600688E4E /* LaunchScreen.storyboard in Resources */ = {isa = PBXBuildFile; fileRef = D4C422C627F5C0D600688E4E /* LaunchScreen.storyboard */; };
		D4C422D027F5C27900688E4E /* Colors.xcassets in Resources */ = {isa = PBXBuildFile; fileRef = D4C422CF27F5C27900688E4E /* Colors.xcassets */; };
		D4C422D427F5C71900688E4E /* Constants.swift in Sources */ = {isa = PBXBuildFile; fileRef = D4C422D327F5C71900688E4E /* Constants.swift */; };
/* End PBXBuildFile section */

/* Begin PBXFileReference section */
		D45D57EF27FD909600AAAB8D /* ru */ = {isa = PBXFileReference; lastKnownFileType = text.plist.strings; name = ru; path = ru.lproj/Main.strings; sourceTree = "<group>"; };
		D45D57F027FD909600AAAB8D /* ru */ = {isa = PBXFileReference; lastKnownFileType = text.plist.strings; name = ru; path = ru.lproj/LaunchScreen.strings; sourceTree = "<group>"; };
		D45D57F427FD90E700AAAB8D /* ru */ = {isa = PBXFileReference; lastKnownFileType = text.plist.strings; name = ru; path = ru.lproj/Localizable.strings; sourceTree = "<group>"; };
		D45D57F627FD90F400AAAB8D /* en */ = {isa = PBXFileReference; lastKnownFileType = text.plist.strings; name = en; path = en.lproj/Localizable.strings; sourceTree = "<group>"; };
		D4C422B827F5C0D400688E4E /* m12.app */ = {isa = PBXFileReference; explicitFileType = wrapper.application; includeInIndex = 0; path = m12.app; sourceTree = BUILT_PRODUCTS_DIR; };
		D4C422BB27F5C0D400688E4E /* AppDelegate.swift */ = {isa = PBXFileReference; lastKnownFileType = sourcecode.swift; path = AppDelegate.swift; sourceTree = "<group>"; };
		D4C422BD27F5C0D400688E4E /* SceneDelegate.swift */ = {isa = PBXFileReference; lastKnownFileType = sourcecode.swift; path = SceneDelegate.swift; sourceTree = "<group>"; };
		D4C422BF27F5C0D400688E4E /* ViewController.swift */ = {isa = PBXFileReference; lastKnownFileType = sourcecode.swift; path = ViewController.swift; sourceTree = "<group>"; };
		D4C422C227F5C0D400688E4E /* Base */ = {isa = PBXFileReference; lastKnownFileType = file.storyboard; name = Base; path = Base.lproj/Main.storyboard; sourceTree = "<group>"; };
		D4C422C427F5C0D600688E4E /* Assets.xcassets */ = {isa = PBXFileReference; lastKnownFileType = folder.assetcatalog; path = Assets.xcassets; sourceTree = "<group>"; };
		D4C422C727F5C0D600688E4E /* Base */ = {isa = PBXFileReference; lastKnownFileType = file.storyboard; name = Base; path = Base.lproj/LaunchScreen.storyboard; sourceTree = "<group>"; };
		D4C422C927F5C0D600688E4E /* Info.plist */ = {isa = PBXFileReference; lastKnownFileType = text.plist.xml; path = Info.plist; sourceTree = "<group>"; };
		D4C422CF27F5C27900688E4E /* Colors.xcassets */ = {isa = PBXFileReference; lastKnownFileType = folder.assetcatalog; path = Colors.xcassets; sourceTree = "<group>"; };
		D4C422D327F5C71900688E4E /* Constants.swift */ = {isa = PBXFileReference; lastKnownFileType = sourcecode.swift; path = Constants.swift; sourceTree = "<group>"; };
/* End PBXFileReference section */

/* Begin PBXFrameworksBuildPhase section */
		D4C422B527F5C0D400688E4E /* Frameworks */ = {
			isa = PBXFrameworksBuildPhase;
			buildActionMask = 2147483647;
			files = (
			);
			runOnlyForDeploymentPostprocessing = 0;
		};
/* End PBXFrameworksBuildPhase section */

/* Begin PBXGroup section */
		D4C422AF27F5C0D400688E4E = {
			isa = PBXGroup;
			children = (
				D4C422BA27F5C0D400688E4E /* m12 */,
				D4C422B927F5C0D400688E4E /* Products */,
			);
			sourceTree = "<group>";
		};
		D4C422B927F5C0D400688E4E /* Products */ = {
			isa = PBXGroup;
			children = (
				D4C422B827F5C0D400688E4E /* m12.app */,
			);
			name = Products;
			sourceTree = "<group>";
		};
		D4C422BA27F5C0D400688E4E /* m12 */ = {
			isa = PBXGroup;
			children = (
				D4C422BB27F5C0D400688E4E /* AppDelegate.swift */,
				D4C422BD27F5C0D400688E4E /* SceneDelegate.swift */,
				D4C422BF27F5C0D400688E4E /* ViewController.swift */,
				D45D57F527FD90E700AAAB8D /* Localizable.strings */,
				D4C422CF27F5C27900688E4E /* Colors.xcassets */,
				D4C422D327F5C71900688E4E /* Constants.swift */,
				D4C422C127F5C0D400688E4E /* Main.storyboard */,
				D4C422C427F5C0D600688E4E /* Assets.xcassets */,
				D4C422C627F5C0D600688E4E /* LaunchScreen.storyboard */,
				D4C422C927F5C0D600688E4E /* Info.plist */,
			);
			path = m12;
			sourceTree = "<group>";
		};
/* End PBXGroup section */

/* Begin PBXNativeTarget section */
		D4C422B727F5C0D400688E4E /* m12 */ = {
			isa = PBXNativeTarget;
			buildConfigurationList = D4C422CC27F5C0D600688E4E /* Build configuration list for PBXNativeTarget "m12" */;
			buildPhases = (
				D4C422B427F5C0D400688E4E /* Sources */,
				D4C422B527F5C0D400688E4E /* Frameworks */,
				D4C422B627F5C0D400688E4E /* Resources */,
			);
			buildRules = (
			);
			dependencies = (
			);
			name = m12;
			productName = m12;
			productReference = D4C422B827F5C0D400688E4E /* m12.app */;
			productType = "com.apple.product-type.application";
		};
/* End PBXNativeTarget section */

/* Begin PBXProject section */
		D4C422B027F5C0D400688E4E /* Project object */ = {
			isa = PBXProject;
			attributes = {
				BuildIndependentTargetsInParallel = 1;
				LastSwiftUpdateCheck = 1320;
				LastUpgradeCheck = 1320;
				TargetAttributes = {
					D4C422B727F5C0D400688E4E = {
						CreatedOnToolsVersion = 13.2.1;
					};
				};
			};
			buildConfigurationList = D4C422B327F5C0D400688E4E /* Build configuration list for PBXProject "m12" */;
			compatibilityVersion = "Xcode 13.0";
			developmentRegion = en;
			hasScannedForEncodings = 0;
			knownRegions = (
				en,
				Base,
				ru,
			);
			mainGroup = D4C422AF27F5C0D400688E4E;
			productRefGroup = D4C422B927F5C0D400688E4E /* Products */;
			projectDirPath = "";
			projectRoot = "";
			targets = (
				D4C422B727F5C0D400688E4E /* m12 */,
			);
		};
/* End PBXProject section */

/* Begin PBXResourcesBuildPhase section */
		D4C422B627F5C0D400688E4E /* Resources */ = {
			isa = PBXResourcesBuildPhase;
			buildActionMask = 2147483647;
			files = (
				D45D57F327FD90E700AAAB8D /* Localizable.strings in Resources */,
				D4C422C827F5C0D600688E4E /* LaunchScreen.storyboard in Resources */,
				D4C422D027F5C27900688E4E /* Colors.xcassets in Resources */,
				D4C422C527F5C0D600688E4E /* Assets.xcassets in Resources */,
				D4C422C327F5C0D400688E4E /* Main.storyboard in Resources */,
			);
			runOnlyForDeploymentPostprocessing = 0;
		};
/* End PBXResourcesBuildPhase section */

/* Begin PBXSourcesBuildPhase section */
		D4C422B427F5C0D400688E4E /* Sources */ = {
			isa = PBXSourcesBuildPhase;
			buildActionMask = 2147483647;
			files = (
				D4C422C027F5C0D400688E4E /* ViewController.swift in Sources */,
				D4C422BC27F5C0D400688E4E /* AppDelegate.swift in Sources */,
				D4C422BE27F5C0D400688E4E /* SceneDelegate.swift in Sources */,
				D4C422D427F5C71900688E4E /* Constants.swift in Sources */,
			);
			runOnlyForDeploymentPostprocessing = 0;
		};
/* End PBXSourcesBuildPhase section */

/* Begin PBXVariantGroup section */
		D45D57F527FD90E700AAAB8D /* Localizable.strings */ = {
			isa = PBXVariantGroup;
			children = (
				D45D57F427FD90E700AAAB8D /* ru */,
				D45D57F627FD90F400AAAB8D /* en */,
			);
			name = Localizable.strings;
			sourceTree = "<group>";
		};
		D4C422C127F5C0D400688E4E /* Main.storyboard */ = {
			isa = PBXVariantGroup;
			children = (
				D4C422C227F5C0D400688E4E /* Base */,
				D45D57EF27FD909600AAAB8D /* ru */,
			);
			name = Main.storyboard;
			sourceTree = "<group>";
		};
		D4C422C627F5C0D600688E4E /* LaunchScreen.storyboard */ = {
			isa = PBXVariantGroup;
			children = (
				D4C422C727F5C0D600688E4E /* Base */,
				D45D57F027FD909600AAAB8D /* ru */,
			);
			name = LaunchScreen.storyboard;
			sourceTree = "<group>";
		};
/* End PBXVariantGroup section */

/* Begin XCBuildConfiguration section */
		D4C422CA27F5C0D600688E4E /* Debug */ = {
			isa = XCBuildConfiguration;
			buildSettings = {
				ALWAYS_SEARCH_USER_PATHS = NO;
				CLANG_ANALYZER_LOCALIZABILITY_NONLOCALIZED = YES;
				CLANG_ANALYZER_NONNULL = YES;
				CLANG_ANALYZER_NUMBER_OBJECT_CONVERSION = YES_AGGRESSIVE;
				CLANG_CXX_LANGUAGE_STANDARD = "gnu++17";
				CLANG_CXX_LIBRARY = "libc++";
				CLANG_ENABLE_MODULES = YES;
				CLANG_ENABLE_OBJC_ARC = YES;
				CLANG_ENABLE_OBJC_WEAK = YES;
				CLANG_WARN_BLOCK_CAPTURE_AUTORELEASING = YES;
				CLANG_WARN_BOOL_CONVERSION = YES;
				CLANG_WARN_COMMA = YES;
				CLANG_WARN_CONSTANT_CONVERSION = YES;
				CLANG_WARN_DEPRECATED_OBJC_IMPLEMENTATIONS = YES;
				CLANG_WARN_DIRECT_OBJC_ISA_USAGE = YES_ERROR;
				CLANG_WARN_DOCUMENTATION_COMMENTS = YES;
				CLANG_WARN_EMPTY_BODY = YES;
				CLANG_WARN_ENUM_CONVERSION = YES;
				CLANG_WARN_INFINITE_RECURSION = YES;
				CLANG_WARN_INT_CONVERSION = YES;
				CLANG_WARN_NON_LITERAL_NULL_CONVERSION = YES;
				CLANG_WARN_OBJC_IMPLICIT_RETAIN_SELF = YES;
				CLANG_WARN_OBJC_LITERAL_CONVERSION = YES;
				CLANG_WARN_OBJC_ROOT_CLASS = YES_ERROR;
				CLANG_WARN_QUOTED_INCLUDE_IN_FRAMEWORK_HEADER = YES;
				CLANG_WARN_RANGE_LOOP_ANALYSIS = YES;
				CLANG_WARN_STRICT_PROTOTYPES = YES;
				CLANG_WARN_SUSPICIOUS_MOVE = YES;
				CLANG_WARN_UNGUARDED_AVAILABILITY = YES_AGGRESSIVE;
				CLANG_WARN_UNREACHABLE_CODE = YES;
				CLANG_WARN__DUPLICATE_METHOD_MATCH = YES;
				COPY_PHASE_STRIP = NO;
				DEBUG_INFORMATION_FORMAT = dwarf;
				ENABLE_STRICT_OBJC_MSGSEND = YES;
				ENABLE_TESTABILITY = YES;
				GCC_C_LANGUAGE_STANDARD = gnu11;
				GCC_DYNAMIC_NO_PIC = NO;
				GCC_NO_COMMON_BLOCKS = YES;
				GCC_OPTIMIZATION_LEVEL = 0;
				GCC_PREPROCESSOR_DEFINITIONS = (
					"DEBUG=1",
					"$(inherited)",
				);
				GCC_WARN_64_TO_32_BIT_CONVERSION = YES;
				GCC_WARN_ABOUT_RETURN_TYPE = YES_ERROR;
				GCC_WARN_UNDECLARED_SELECTOR = YES;
				GCC_WARN_UNINITIALIZED_AUTOS = YES_AGGRESSIVE;
				GCC_WARN_UNUSED_FUNCTION = YES;
				GCC_WARN_UNUSED_VARIABLE = YES;
				IPHONEOS_DEPLOYMENT_TARGET = 15.2;
				MTL_ENABLE_DEBUG_INFO = INCLUDE_SOURCE;
				MTL_FAST_MATH = YES;
				ONLY_ACTIVE_ARCH = YES;
				SDKROOT = iphoneos;
				SWIFT_ACTIVE_COMPILATION_CONDITIONS = DEBUG;
				SWIFT_OPTIMIZATION_LEVEL = "-Onone";
			};
			name = Debug;
		};
		D4C422CB27F5C0D600688E4E /* Release */ = {
			isa = XCBuildConfiguration;
			buildSettings = {
				ALWAYS_SEARCH_USER_PATHS = NO;
				CLANG_ANALYZER_LOCALIZABILITY_NONLOCALIZED = YES;
				CLANG_ANALYZER_NONNULL = YES;
				CLANG_ANALYZER_NUMBER_OBJECT_CONVERSION = YES_AGGRESSIVE;
				CLANG_CXX_LANGUAGE_STANDARD = "gnu++17";
				CLANG_CXX_LIBRARY = "libc++";
				CLANG_ENABLE_MODULES = YES;
				CLANG_ENABLE_OBJC_ARC = YES;
				CLANG_ENABLE_OBJC_WEAK = YES;
				CLANG_WARN_BLOCK_CAPTURE_AUTORELEASING = YES;
				CLANG_WARN_BOOL_CONVERSION = YES;
				CLANG_WARN_COMMA = YES;
				CLANG_WARN_CONSTANT_CONVERSION = YES;
				CLANG_WARN_DEPRECATED_OBJC_IMPLEMENTATIONS = YES;
				CLANG_WARN_DIRECT_OBJC_ISA_USAGE = YES_ERROR;
				CLANG_WARN_DOCUMENTATION_COMMENTS = YES;
				CLANG_WARN_EMPTY_BODY = YES;
				CLANG_WARN_ENUM_CONVERSION = YES;
				CLANG_WARN_INFINITE_RECURSION = YES;
				CLANG_WARN_INT_CONVERSION = YES;
				CLANG_WARN_NON_LITERAL_NULL_CONVERSION = YES;
				CLANG_WARN_OBJC_IMPLICIT_RETAIN_SELF = YES;
				CLANG_WARN_OBJC_LITERAL_CONVERSION = YES;
				CLANG_WARN_OBJC_ROOT_CLASS = YES_ERROR;
				CLANG_WARN_QUOTED_INCLUDE_IN_FRAMEWORK_HEADER = YES;
				CLANG_WARN_RANGE_LOOP_ANALYSIS = YES;
				CLANG_WARN_STRICT_PROTOTYPES = YES;
				CLANG_WARN_SUSPICIOUS_MOVE = YES;
				CLANG_WARN_UNGUARDED_AVAILABILITY = YES_AGGRESSIVE;
				CLANG_WARN_UNREACHABLE_CODE = YES;
				CLANG_WARN__DUPLICATE_METHOD_MATCH = YES;
				COPY_PHASE_STRIP = NO;
				DEBUG_INFORMATION_FORMAT = "dwarf-with-dsym";
				ENABLE_NS_ASSERTIONS = NO;
				ENABLE_STRICT_OBJC_MSGSEND = YES;
				GCC_C_LANGUAGE_STANDARD = gnu11;
				GCC_NO_COMMON_BLOCKS = YES;
				GCC_WARN_64_TO_32_BIT_CONVERSION = YES;
				GCC_WARN_ABOUT_RETURN_TYPE = YES_ERROR;
				GCC_WARN_UNDECLARED_SELECTOR = YES;
				GCC_WARN_UNINITIALIZED_AUTOS = YES_AGGRESSIVE;
				GCC_WARN_UNUSED_FUNCTION = YES;
				GCC_WARN_UNUSED_VARIABLE = YES;
				IPHONEOS_DEPLOYMENT_TARGET = 15.2;
				MTL_ENABLE_DEBUG_INFO = NO;
				MTL_FAST_MATH = YES;
				SDKROOT = iphoneos;
				SWIFT_COMPILATION_MODE = wholemodule;
				SWIFT_OPTIMIZATION_LEVEL = "-O";
				VALIDATE_PRODUCT = YES;
			};
			name = Release;
		};
		D4C422CD27F5C0D600688E4E /* Debug */ = {
			isa = XCBuildConfiguration;
			buildSettings = {
				ASSETCATALOG_COMPILER_APPICON_NAME = AppIcon;
				ASSETCATALOG_COMPILER_GLOBAL_ACCENT_COLOR_NAME = AccentColor;
				CODE_SIGN_STYLE = Automatic;
				CURRENT_PROJECT_VERSION = 1;
				DEVELOPMENT_TEAM = Z94BJ87M9R;
				GENERATE_INFOPLIST_FILE = YES;
				INFOPLIST_FILE = m12/Info.plist;
				INFOPLIST_KEY_UIApplicationSupportsIndirectInputEvents = YES;
				INFOPLIST_KEY_UILaunchStoryboardName = LaunchScreen;
				INFOPLIST_KEY_UIMainStoryboardFile = Main;
				INFOPLIST_KEY_UISupportedInterfaceOrientations_iPad = "UIInterfaceOrientationPortrait UIInterfaceOrientationPortraitUpsideDown UIInterfaceOrientationLandscapeLeft UIInterfaceOrientationLandscapeRight";
				INFOPLIST_KEY_UISupportedInterfaceOrientations_iPhone = "UIInterfaceOrientationPortrait UIInterfaceOrientationLandscapeLeft UIInterfaceOrientationLandscapeRight";
				LD_RUNPATH_SEARCH_PATHS = (
					"$(inherited)",
					"@executable_path/Frameworks",
				);
				MARKETING_VERSION = 1.0;
				PRODUCT_BUNDLE_IDENTIFIER = skillbox.m12;
				PRODUCT_NAME = "$(TARGET_NAME)";
				SWIFT_EMIT_LOC_STRINGS = YES;
				SWIFT_VERSION = 5.0;
				TARGETED_DEVICE_FAMILY = "1,2";
			};
			name = Debug;
		};
		D4C422CE27F5C0D600688E4E /* Release */ = {
			isa = XCBuildConfiguration;
			buildSettings = {
				ASSETCATALOG_COMPILER_APPICON_NAME = AppIcon;
				ASSETCATALOG_COMPILER_GLOBAL_ACCENT_COLOR_NAME = AccentColor;
				CODE_SIGN_STYLE = Automatic;
				CURRENT_PROJECT_VERSION = 1;
				DEVELOPMENT_TEAM = Z94BJ87M9R;
				GENERATE_INFOPLIST_FILE = YES;
				INFOPLIST_FILE = m12/Info.plist;
				INFOPLIST_KEY_UIApplicationSupportsIndirectInputEvents = YES;
				INFOPLIST_KEY_UILaunchStoryboardName = LaunchScreen;
				INFOPLIST_KEY_UIMainStoryboardFile = Main;
				INFOPLIST_KEY_UISupportedInterfaceOrientations_iPad = "UIInterfaceOrientationPortrait UIInterfaceOrientationPortraitUpsideDown UIInterfaceOrientationLandscapeLeft UIInterfaceOrientationLandscapeRight";
				INFOPLIST_KEY_UISupportedInterfaceOrientations_iPhone = "UIInterfaceOrientationPortrait UIInterfaceOrientationLandscapeLeft UIInterfaceOrientationLandscapeRight";
				LD_RUNPATH_SEARCH_PATHS = (
					"$(inherited)",
					"@executable_path/Frameworks",
				);
				MARKETING_VERSION = 1.0;
				PRODUCT_BUNDLE_IDENTIFIER = skillbox.m12;
				PRODUCT_NAME = "$(TARGET_NAME)";
				SWIFT_EMIT_LOC_STRINGS = YES;
				SWIFT_VERSION = 5.0;
				TARGETED_DEVICE_FAMILY = "1,2";
			};
			name = Release;
		};
/* End XCBuildConfiguration section */

/* Begin XCConfigurationList section */
		D4C422B327F5C0D400688E4E /* Build configuration list for PBXProject "m12" */ = {
			isa = XCConfigurationList;
			buildConfigurations = (
				D4C422CA27F5C0D600688E4E /* Debug */,
				D4C422CB27F5C0D600688E4E /* Release */,
			);
			defaultConfigurationIsVisible = 0;
			defaultConfigurationName = Release;
		};
		D4C422CC27F5C0D600688E4E /* Build configuration list for PBXNativeTarget "m12" */ = {
			isa = XCConfigurationList;
			buildConfigurations = (
				D4C422CD27F5C0D600688E4E /* Debug */,
				D4C422CE27F5C0D600688E4E /* Release */,
			);
			defaultConfigurationIsVisible = 0;
			defaultConfigurationName = Release;
		};
/* End XCConfigurationList section */
	};
	rootObject = D4C422B027F5C0D400688E4E /* Project object */;
}
